
Microsoft Visual Studio Solution File, Format Version 12.00
# Visual Studio Version 16
VisualStudioVersion = 16.0.29806.167
MinimumVisualStudioVersion = 10.0.40219.1
Project("{8BC9CEB8-8B4A-11D0-8D11-00A0C91BC942}") = "ConsoleGame", "ConsoleGame\ConsoleGame.vcxproj", "{945BB9F7-2687-4C1B-897D-EA8ABB477AC3}"
EndProject
Project("{8BC9CEB8-8B4A-11D0-8D11-00A0C91BC942}") = "LevelPackCompiler", "LevelPackCompiler\LevelPackCompiler.vcxproj", "{127FED35-7830-40A8-B6A4-D46C6EFFD8CC}"
EndProject
Global
	GlobalSection(SolutionConfigurationPlatforms) = preSolution
		Debug|x64 = Debug|x64
		Debug|x86 = Debug|x86
		Release|x64 = Release|x64
		Release|x86 = Release|x86
	EndGlobalSection
	GlobalSection(ProjectConfigurationPlatforms) = postSolution
		{945BB9F7-2687-4C1B-897D-EA8ABB477AC3}.Debug|x64.ActiveCfg = Debug|x64
		{945BB9F7-2687-4C1B-897D-EA8ABB477AC3}.Debug|x64.Build.0 = Debug|x64
		{945BB9F7-2687-4C1B-897D-EA8ABB477AC3}.Debug|x86.ActiveCfg = Debug|Win32
		{945BB9F7-2687-4C1B-897D-EA8ABB477AC3}.Debug|x86.Build.0 = Debug|Win32
		{945BB9F7-2687-4C1B-897D-EA8ABB477AC3}.Release|x64.ActiveCfg = Release|x64
		{945BB9F7-2687-4C1B-897D-EA8ABB477AC3}.Release|x64.Build.0 = Release|x64
		{945BB9F7-2687-4C1B-897D-EA8ABB477AC3}.Release|x86.ActiveCfg = Release|Win32
		{945BB9F7-2687-4C1B-897D-EA8ABB477AC3}.Release|x86.Build.0 = Release|Win32
		{127FED35-7830-40A8-B6A4-D46C6EFFD8CC}.Debug|x64.ActiveCfg = Debug|x64
		{127FED35-7830-40A8-B6A4-D46C6EFFD8CC}.Debug|x64.Build.0 = Debug|x64
		{127FED35-7830-40A8-B6A4-D46C6EFFD8CC}.Debug|x86.ActiveCfg = Debug|Win32
		{127FED35-7830-40A8-B6A4-D46C6EFFD8CC}.Debug|x86.Build.0 = Debug|Win32
		{127FED35-7830-40A8-B6A4-D46C6EFFD8CC}.Release|x64.ActiveCfg = Release|x64
		{127FED35-7830-40A8-B6A4-D46C6EFFD8CC}.Release|x64.Build.0 = Release|x64
		{127FED35-7830-40A8-B6A4-D46C6EFFD8CC}.Release|x86.ActiveCfg = Release|Win32
		{127FED35-7830-40A8-B6A4-D46C6EFFD8CC}.Release|x86.Build.0 = Release|Win32
	EndGlobalSection
	GlobalSection(SolutionProperties) = preSolution
		HideSolutionNode = FALSE
	EndGlobalSection
	GlobalSection(ExtensibilityGlobals) = postSolution
		SolutionGuid = {59755D31-BDA3-41E0-BC47-EEDD7071BC08}
	EndGlobalSection
EndGlobal
